// !$*UTF8*$!
{
	archiveVersion = 1;
	classes = {
	};
	objectVersion = 56;
	objects = {

/* Begin PBXBuildFile section */
		76DC622D2A8E69E800CC3E00 /* meditationApp.swift in Sources */ = {isa = PBXBuildFile; fileRef = 76DC622C2A8E69E800CC3E00 /* meditationApp.swift */; };
		76DC622F2A8E69E800CC3E00 /* ContentView.swift in Sources */ = {isa = PBXBuildFile; fileRef = 76DC622E2A8E69E800CC3E00 /* ContentView.swift */; };
		76DC62312A8E69E900CC3E00 /* Assets.xcassets in Resources */ = {isa = PBXBuildFile; fileRef = 76DC62302A8E69E900CC3E00 /* Assets.xcassets */; };
		76DC62342A8E69E900CC3E00 /* Preview Assets.xcassets in Resources */ = {isa = PBXBuildFile; fileRef = 76DC62332A8E69E900CC3E00 /* Preview Assets.xcassets */; };
		76DC623E2A8E69E900CC3E00 /* meditationTests.swift in Sources */ = {isa = PBXBuildFile; fileRef = 76DC623D2A8E69E900CC3E00 /* meditationTests.swift */; };
		76DC62482A8E69E900CC3E00 /* meditationUITests.swift in Sources */ = {isa = PBXBuildFile; fileRef = 76DC62472A8E69E900CC3E00 /* meditationUITests.swift */; };
		76DC624A2A8E69E900CC3E00 /* meditationUITestsLaunchTests.swift in Sources */ = {isa = PBXBuildFile; fileRef = 76DC62492A8E69E900CC3E00 /* meditationUITestsLaunchTests.swift */; };
/* End PBXBuildFile section */

/* Begin PBXContainerItemProxy section */
		76DC623A2A8E69E900CC3E00 /* PBXContainerItemProxy */ = {
			isa = PBXContainerItemProxy;
			containerPortal = 76DC62212A8E69E800CC3E00 /* Project object */;
			proxyType = 1;
			remoteGlobalIDString = 76DC62282A8E69E800CC3E00;
			remoteInfo = meditation;
		};
		76DC62442A8E69E900CC3E00 /* PBXContainerItemProxy */ = {
			isa = PBXContainerItemProxy;
			containerPortal = 76DC62212A8E69E800CC3E00 /* Project object */;
			proxyType = 1;
			remoteGlobalIDString = 76DC62282A8E69E800CC3E00;
			remoteInfo = meditation;
		};
/* End PBXContainerItemProxy section */

/* Begin PBXFileReference section */
		76DC62292A8E69E800CC3E00 /* meditation.app */ = {isa = PBXFileReference; explicitFileType = wrapper.application; includeInIndex = 0; path = meditation.app; sourceTree = BUILT_PRODUCTS_DIR; };
		76DC622C2A8E69E800CC3E00 /* meditationApp.swift */ = {isa = PBXFileReference; lastKnownFileType = sourcecode.swift; path = meditationApp.swift; sourceTree = "<group>"; };
		76DC622E2A8E69E800CC3E00 /* ContentView.swift */ = {isa = PBXFileReference; lastKnownFileType = sourcecode.swift; path = ContentView.swift; sourceTree = "<group>"; };
		76DC62302A8E69E900CC3E00 /* Assets.xcassets */ = {isa = PBXFileReference; lastKnownFileType = folder.assetcatalog; path = Assets.xcassets; sourceTree = "<group>"; };
		76DC62332A8E69E900CC3E00 /* Preview Assets.xcassets */ = {isa = PBXFileReference; lastKnownFileType = folder.assetcatalog; path = "Preview Assets.xcassets"; sourceTree = "<group>"; };
		76DC62392A8E69E900CC3E00 /* meditationTests.xctest */ = {isa = PBXFileReference; explicitFileType = wrapper.cfbundle; includeInIndex = 0; path = meditationTests.xctest; sourceTree = BUILT_PRODUCTS_DIR; };
		76DC623D2A8E69E900CC3E00 /* meditationTests.swift */ = {isa = PBXFileReference; lastKnownFileType = sourcecode.swift; path = meditationTests.swift; sourceTree = "<group>"; };
		76DC62432A8E69E900CC3E00 /* meditationUITests.xctest */ = {isa = PBXFileReference; explicitFileType = wrapper.cfbundle; includeInIndex = 0; path = meditationUITests.xctest; sourceTree = BUILT_PRODUCTS_DIR; };
		76DC62472A8E69E900CC3E00 /* meditationUITests.swift */ = {isa = PBXFileReference; lastKnownFileType = sourcecode.swift; path = meditationUITests.swift; sourceTree = "<group>"; };
		76DC62492A8E69E900CC3E00 /* meditationUITestsLaunchTests.swift */ = {isa = PBXFileReference; lastKnownFileType = sourcecode.swift; path = meditationUITestsLaunchTests.swift; sourceTree = "<group>"; };
/* End PBXFileReference section */

/* Begin PBXFrameworksBuildPhase section */
		76DC62262A8E69E800CC3E00 /* Frameworks */ = {
			isa = PBXFrameworksBuildPhase;
			buildActionMask = 2147483647;
			files = (
			);
			runOnlyForDeploymentPostprocessing = 0;
		};
		76DC62362A8E69E900CC3E00 /* Frameworks */ = {
			isa = PBXFrameworksBuildPhase;
			buildActionMask = 2147483647;
			files = (
			);
			runOnlyForDeploymentPostprocessing = 0;
		};
		76DC62402A8E69E900CC3E00 /* Frameworks */ = {
			isa = PBXFrameworksBuildPhase;
			buildActionMask = 2147483647;
			files = (
			);
			runOnlyForDeploymentPostprocessing = 0;
		};
/* End PBXFrameworksBuildPhase section */

/* Begin PBXGroup section */
		76DC62202A8E69E800CC3E00 = {
			isa = PBXGroup;
			children = (
				76DC622B2A8E69E800CC3E00 /* meditation */,
				76DC623C2A8E69E900CC3E00 /* meditationTests */,
				76DC62462A8E69E900CC3E00 /* meditationUITests */,
				76DC622A2A8E69E800CC3E00 /* Products */,
			);
			sourceTree = "<group>";
		};
		76DC622A2A8E69E800CC3E00 /* Products */ = {
			isa = PBXGroup;
			children = (
				76DC62292A8E69E800CC3E00 /* meditation.app */,
				76DC62392A8E69E900CC3E00 /* meditationTests.xctest */,
				76DC62432A8E69E900CC3E00 /* meditationUITests.xctest */,
			);
			name = Products;
			sourceTree = "<group>";
		};
		76DC622B2A8E69E800CC3E00 /* meditation */ = {
			isa = PBXGroup;
			children = (
				76DC622C2A8E69E800CC3E00 /* meditationApp.swift */,
				76DC622E2A8E69E800CC3E00 /* ContentView.swift */,
				76DC62302A8E69E900CC3E00 /* Assets.xcassets */,
				76DC62322A8E69E900CC3E00 /* Preview Content */,
			);
			path = meditation;
			sourceTree = "<group>";
		};
		76DC62322A8E69E900CC3E00 /* Preview Content */ = {
			isa = PBXGroup;
			children = (
				76DC62332A8E69E900CC3E00 /* Preview Assets.xcassets */,
			);
			path = "Preview Content";
			sourceTree = "<group>";
		};
		76DC623C2A8E69E900CC3E00 /* meditationTests */ = {
			isa = PBXGroup;
			children = (
				76DC623D2A8E69E900CC3E00 /* meditationTests.swift */,
			);
			path = meditationTests;
			sourceTree = "<group>";
		};
		76DC62462A8E69E900CC3E00 /* meditationUITests */ = {
			isa = PBXGroup;
			children = (
				76DC62472A8E69E900CC3E00 /* meditationUITests.swift */,
				76DC62492A8E69E900CC3E00 /* meditationUITestsLaunchTests.swift */,
			);
			path = meditationUITests;
			sourceTree = "<group>";
		};
/* End PBXGroup section */

/* Begin PBXNativeTarget section */
		76DC62282A8E69E800CC3E00 /* meditation */ = {
			isa = PBXNativeTarget;
			buildConfigurationList = 76DC624D2A8E69E900CC3E00 /* Build configuration list for PBXNativeTarget "meditation" */;
			buildPhases = (
				76DC62252A8E69E800CC3E00 /* Sources */,
				76DC62262A8E69E800CC3E00 /* Frameworks */,
				76DC62272A8E69E800CC3E00 /* Resources */,
			);
			buildRules = (
			);
			dependencies = (
			);
			name = meditation;
			productName = meditation;
			productReference = 76DC62292A8E69E800CC3E00 /* meditation.app */;
			productType = "com.apple.product-type.application";
		};
		76DC62382A8E69E900CC3E00 /* meditationTests */ = {
			isa = PBXNativeTarget;
			buildConfigurationList = 76DC62502A8E69E900CC3E00 /* Build configuration list for PBXNativeTarget "meditationTests" */;
			buildPhases = (
				76DC62352A8E69E900CC3E00 /* Sources */,
				76DC62362A8E69E900CC3E00 /* Frameworks */,
				76DC62372A8E69E900CC3E00 /* Resources */,
			);
			buildRules = (
			);
			dependencies = (
				76DC623B2A8E69E900CC3E00 /* PBXTargetDependency */,
			);
			name = meditationTests;
			productName = meditationTests;
			productReference = 76DC62392A8E69E900CC3E00 /* meditationTests.xctest */;
			productType = "com.apple.product-type.bundle.unit-test";
		};
		76DC62422A8E69E900CC3E00 /* meditationUITests */ = {
			isa = PBXNativeTarget;
			buildConfigurationList = 76DC62532A8E69E900CC3E00 /* Build configuration list for PBXNativeTarget "meditationUITests" */;
			buildPhases = (
				76DC623F2A8E69E900CC3E00 /* Sources */,
				76DC62402A8E69E900CC3E00 /* Frameworks */,
				76DC62412A8E69E900CC3E00 /* Resources */,
			);
			buildRules = (
			);
			dependencies = (
				76DC62452A8E69E900CC3E00 /* PBXTargetDependency */,
			);
			name = meditationUITests;
			productName = meditationUITests;
			productReference = 76DC62432A8E69E900CC3E00 /* meditationUITests.xctest */;
			productType = "com.apple.product-type.bundle.ui-testing";
		};
/* End PBXNativeTarget section */

/* Begin PBXProject section */
		76DC62212A8E69E800CC3E00 /* Project object */ = {
			isa = PBXProject;
			attributes = {
				BuildIndependentTargetsInParallel = 1;
				LastSwiftUpdateCheck = 1430;
				LastUpgradeCheck = 1430;
				TargetAttributes = {
					76DC62282A8E69E800CC3E00 = {
						CreatedOnToolsVersion = 14.3.1;
					};
					76DC62382A8E69E900CC3E00 = {
						CreatedOnToolsVersion = 14.3.1;
						TestTargetID = 76DC62282A8E69E800CC3E00;
					};
					76DC62422A8E69E900CC3E00 = {
						CreatedOnToolsVersion = 14.3.1;
						TestTargetID = 76DC62282A8E69E800CC3E00;
					};
				};
			};
			buildConfigurationList = 76DC62242A8E69E800CC3E00 /* Build configuration list for PBXProject "meditation" */;
			compatibilityVersion = "Xcode 14.0";
			developmentRegion = en;
			hasScannedForEncodings = 0;
			knownRegions = (
				en,
				Base,
			);
			mainGroup = 76DC62202A8E69E800CC3E00;
			productRefGroup = 76DC622A2A8E69E800CC3E00 /* Products */;
			projectDirPath = "";
			projectRoot = "";
			targets = (
				76DC62282A8E69E800CC3E00 /* meditation */,
				76DC62382A8E69E900CC3E00 /* meditationTests */,
				76DC62422A8E69E900CC3E00 /* meditationUITests */,
			);
		};
/* End PBXProject section */

/* Begin PBXResourcesBuildPhase section */
		76DC62272A8E69E800CC3E00 /* Resources */ = {
			isa = PBXResourcesBuildPhase;
			buildActionMask = 2147483647;
			files = (
				76DC62342A8E69E900CC3E00 /* Preview Assets.xcassets in Resources */,
				76DC62312A8E69E900CC3E00 /* Assets.xcassets in Resources */,
			);
			runOnlyForDeploymentPostprocessing = 0;
		};
		76DC62372A8E69E900CC3E00 /* Resources */ = {
			isa = PBXResourcesBuildPhase;
			buildActionMask = 2147483647;
			files = (
			);
			runOnlyForDeploymentPostprocessing = 0;
		};
		76DC62412A8E69E900CC3E00 /* Resources */ = {
			isa = PBXResourcesBuildPhase;
			buildActionMask = 2147483647;
			files = (
			);
			runOnlyForDeploymentPostprocessing = 0;
		};
/* End PBXResourcesBuildPhase section */

/* Begin PBXSourcesBuildPhase section */
		76DC62252A8E69E800CC3E00 /* Sources */ = {
			isa = PBXSourcesBuildPhase;
			buildActionMask = 2147483647;
			files = (
				76DC622F2A8E69E800CC3E00 /* ContentView.swift in Sources */,
				76DC622D2A8E69E800CC3E00 /* meditationApp.swift in Sources */,
			);
			runOnlyForDeploymentPostprocessing = 0;
		};
		76DC62352A8E69E900CC3E00 /* Sources */ = {
			isa = PBXSourcesBuildPhase;
			buildActionMask = 2147483647;
			files = (
				76DC623E2A8E69E900CC3E00 /* meditationTests.swift in Sources */,
			);
			runOnlyForDeploymentPostprocessing = 0;
		};
		76DC623F2A8E69E900CC3E00 /* Sources */ = {
			isa = PBXSourcesBuildPhase;
			buildActionMask = 2147483647;
			files = (
				76DC624A2A8E69E900CC3E00 /* meditationUITestsLaunchTests.swift in Sources */,
				76DC62482A8E69E900CC3E00 /* meditationUITests.swift in Sources */,
			);
			runOnlyForDeploymentPostprocessing = 0;
		};
/* End PBXSourcesBuildPhase section */

/* Begin PBXTargetDependency section */
		76DC623B2A8E69E900CC3E00 /* PBXTargetDependency */ = {
			isa = PBXTargetDependency;
			target = 76DC62282A8E69E800CC3E00 /* meditation */;
			targetProxy = 76DC623A2A8E69E900CC3E00 /* PBXContainerItemProxy */;
		};
		76DC62452A8E69E900CC3E00 /* PBXTargetDependency */ = {
			isa = PBXTargetDependency;
			target = 76DC62282A8E69E800CC3E00 /* meditation */;
			targetProxy = 76DC62442A8E69E900CC3E00 /* PBXContainerItemProxy */;
		};
/* End PBXTargetDependency section */

/* Begin XCBuildConfiguration section */
		76DC624B2A8E69E900CC3E00 /* Debug */ = {
			isa = XCBuildConfiguration;
			buildSettings = {
				ALWAYS_SEARCH_USER_PATHS = NO;
				CLANG_ANALYZER_NONNULL = YES;
				CLANG_ANALYZER_NUMBER_OBJECT_CONVERSION = YES_AGGRESSIVE;
				CLANG_CXX_LANGUAGE_STANDARD = "gnu++20";
				CLANG_ENABLE_MODULES = YES;
				CLANG_ENABLE_OBJC_ARC = YES;
				CLANG_ENABLE_OBJC_WEAK = YES;
				CLANG_WARN_BLOCK_CAPTURE_AUTORELEASING = YES;
				CLANG_WARN_BOOL_CONVERSION = YES;
				CLANG_WARN_COMMA = YES;
				CLANG_WARN_CONSTANT_CONVERSION = YES;
				CLANG_WARN_DEPRECATED_OBJC_IMPLEMENTATIONS = YES;
				CLANG_WARN_DIRECT_OBJC_ISA_USAGE = YES_ERROR;
				CLANG_WARN_DOCUMENTATION_COMMENTS = YES;
				CLANG_WARN_EMPTY_BODY = YES;
				CLANG_WARN_ENUM_CONVERSION = YES;
				CLANG_WARN_INFINITE_RECURSION = YES;
				CLANG_WARN_INT_CONVERSION = YES;
				CLANG_WARN_NON_LITERAL_NULL_CONVERSION = YES;
				CLANG_WARN_OBJC_IMPLICIT_RETAIN_SELF = YES;
				CLANG_WARN_OBJC_LITERAL_CONVERSION = YES;
				CLANG_WARN_OBJC_ROOT_CLASS = YES_ERROR;
				CLANG_WARN_QUOTED_INCLUDE_IN_FRAMEWORK_HEADER = YES;
				CLANG_WARN_RANGE_LOOP_ANALYSIS = YES;
				CLANG_WARN_STRICT_PROTOTYPES = YES;
				CLANG_WARN_SUSPICIOUS_MOVE = YES;
				CLANG_WARN_UNGUARDED_AVAILABILITY = YES_AGGRESSIVE;
				CLANG_WARN_UNREACHABLE_CODE = YES;
				CLANG_WARN__DUPLICATE_METHOD_MATCH = YES;
				COPY_PHASE_STRIP = NO;
				DEBUG_INFORMATION_FORMAT = dwarf;
				ENABLE_STRICT_OBJC_MSGSEND = YES;
				ENABLE_TESTABILITY = YES;
				GCC_C_LANGUAGE_STANDARD = gnu11;
				GCC_DYNAMIC_NO_PIC = NO;
				GCC_NO_COMMON_BLOCKS = YES;
				GCC_OPTIMIZATION_LEVEL = 0;
				GCC_PREPROCESSOR_DEFINITIONS = (
					"DEBUG=1",
					"$(inherited)",
				);
				GCC_WARN_64_TO_32_BIT_CONVERSION = YES;
				GCC_WARN_ABOUT_RETURN_TYPE = YES_ERROR;
				GCC_WARN_UNDECLARED_SELECTOR = YES;
				GCC_WARN_UNINITIALIZED_AUTOS = YES_AGGRESSIVE;
				GCC_WARN_UNUSED_FUNCTION = YES;
				GCC_WARN_UNUSED_VARIABLE = YES;
				IPHONEOS_DEPLOYMENT_TARGET = 16.4;
				MTL_ENABLE_DEBUG_INFO = INCLUDE_SOURCE;
				MTL_FAST_MATH = YES;
				ONLY_ACTIVE_ARCH = YES;
				SDKROOT = iphoneos;
				SWIFT_ACTIVE_COMPILATION_CONDITIONS = DEBUG;
				SWIFT_OPTIMIZATION_LEVEL = "-Onone";
			};
			name = Debug;
		};
		76DC624C2A8E69E900CC3E00 /* Release */ = {
			isa = XCBuildConfiguration;
			buildSettings = {
				ALWAYS_SEARCH_USER_PATHS = NO;
				CLANG_ANALYZER_NONNULL = YES;
				CLANG_ANALYZER_NUMBER_OBJECT_CONVERSION = YES_AGGRESSIVE;
				CLANG_CXX_LANGUAGE_STANDARD = "gnu++20";
				CLANG_ENABLE_MODULES = YES;
				CLANG_ENABLE_OBJC_ARC = YES;
				CLANG_ENABLE_OBJC_WEAK = YES;
				CLANG_WARN_BLOCK_CAPTURE_AUTORELEASING = YES;
				CLANG_WARN_BOOL_CONVERSION = YES;
				CLANG_WARN_COMMA = YES;
				CLANG_WARN_CONSTANT_CONVERSION = YES;
				CLANG_WARN_DEPRECATED_OBJC_IMPLEMENTATIONS = YES;
				CLANG_WARN_DIRECT_OBJC_ISA_USAGE = YES_ERROR;
				CLANG_WARN_DOCUMENTATION_COMMENTS = YES;
				CLANG_WARN_EMPTY_BODY = YES;
				CLANG_WARN_ENUM_CONVERSION = YES;
				CLANG_WARN_INFINITE_RECURSION = YES;
				CLANG_WARN_INT_CONVERSION = YES;
				CLANG_WARN_NON_LITERAL_NULL_CONVERSION = YES;
				CLANG_WARN_OBJC_IMPLICIT_RETAIN_SELF = YES;
				CLANG_WARN_OBJC_LITERAL_CONVERSION = YES;
				CLANG_WARN_OBJC_ROOT_CLASS = YES_ERROR;
				CLANG_WARN_QUOTED_INCLUDE_IN_FRAMEWORK_HEADER = YES;
				CLANG_WARN_RANGE_LOOP_ANALYSIS = YES;
				CLANG_WARN_STRICT_PROTOTYPES = YES;
				CLANG_WARN_SUSPICIOUS_MOVE = YES;
				CLANG_WARN_UNGUARDED_AVAILABILITY = YES_AGGRESSIVE;
				CLANG_WARN_UNREACHABLE_CODE = YES;
				CLANG_WARN__DUPLICATE_METHOD_MATCH = YES;
				COPY_PHASE_STRIP = NO;
				DEBUG_INFORMATION_FORMAT = "dwarf-with-dsym";
				ENABLE_NS_ASSERTIONS = NO;
				ENABLE_STRICT_OBJC_MSGSEND = YES;
				GCC_C_LANGUAGE_STANDARD = gnu11;
				GCC_NO_COMMON_BLOCKS = YES;
				GCC_WARN_64_TO_32_BIT_CONVERSION = YES;
				GCC_WARN_ABOUT_RETURN_TYPE = YES_ERROR;
				GCC_WARN_UNDECLARED_SELECTOR = YES;
				GCC_WARN_UNINITIALIZED_AUTOS = YES_AGGRESSIVE;
				GCC_WARN_UNUSED_FUNCTION = YES;
				GCC_WARN_UNUSED_VARIABLE = YES;
				IPHONEOS_DEPLOYMENT_TARGET = 16.4;
				MTL_ENABLE_DEBUG_INFO = NO;
				MTL_FAST_MATH = YES;
				SDKROOT = iphoneos;
				SWIFT_COMPILATION_MODE = wholemodule;
				SWIFT_OPTIMIZATION_LEVEL = "-O";
				VALIDATE_PRODUCT = YES;
			};
			name = Release;
		};
		76DC624E2A8E69E900CC3E00 /* Debug */ = {
			isa = XCBuildConfiguration;
			buildSettings = {
				ASSETCATALOG_COMPILER_APPICON_NAME = AppIcon;
				ASSETCATALOG_COMPILER_GLOBAL_ACCENT_COLOR_NAME = AccentColor;
				CODE_SIGN_STYLE = Automatic;
				CURRENT_PROJECT_VERSION = 1;
				DEVELOPMENT_ASSET_PATHS = "\"meditation/Preview Content\"";
				ENABLE_PREVIEWS = YES;
				GENERATE_INFOPLIST_FILE = YES;
				INFOPLIST_KEY_UIApplicationSceneManifest_Generation = YES;
				INFOPLIST_KEY_UIApplicationSupportsIndirectInputEvents = YES;
				INFOPLIST_KEY_UILaunchScreen_Generation = YES;
				INFOPLIST_KEY_UISupportedInterfaceOrientations_iPad = "UIInterfaceOrientationPortrait UIInterfaceOrientationPortraitUpsideDown UIInterfaceOrientationLandscapeLeft UIInterfaceOrientationLandscapeRight";
				INFOPLIST_KEY_UISupportedInterfaceOrientations_iPhone = "UIInterfaceOrientationPortrait UIInterfaceOrientationLandscapeLeft UIInterfaceOrientationLandscapeRight";
				LD_RUNPATH_SEARCH_PATHS = (
					"$(inherited)",
					"@executable_path/Frameworks",
				);
				MARKETING_VERSION = 1.0;
				PRODUCT_BUNDLE_IDENTIFIER = KWK.meditation;
				PRODUCT_NAME = "$(TARGET_NAME)";
				SWIFT_EMIT_LOC_STRINGS = YES;
				SWIFT_VERSION = 5.0;
				TARGETED_DEVICE_FAMILY = "1,2";
			};
			name = Debug;
		};
		76DC624F2A8E69E900CC3E00 /* Release */ = {
			isa = XCBuildConfiguration;
			buildSettings = {
				ASSETCATALOG_COMPILER_APPICON_NAME = AppIcon;
				ASSETCATALOG_COMPILER_GLOBAL_ACCENT_COLOR_NAME = AccentColor;
				CODE_SIGN_STYLE = Automatic;
				CURRENT_PROJECT_VERSION = 1;
				DEVELOPMENT_ASSET_PATHS = "\"meditation/Preview Content\"";
				ENABLE_PREVIEWS = YES;
				GENERATE_INFOPLIST_FILE = YES;
				INFOPLIST_KEY_UIApplicationSceneManifest_Generation = YES;
				INFOPLIST_KEY_UIApplicationSupportsIndirectInputEvents = YES;
				INFOPLIST_KEY_UILaunchScreen_Generation = YES;
				INFOPLIST_KEY_UISupportedInterfaceOrientations_iPad = "UIInterfaceOrientationPortrait UIInterfaceOrientationPortraitUpsideDown UIInterfaceOrientationLandscapeLeft UIInterfaceOrientationLandscapeRight";
				INFOPLIST_KEY_UISupportedInterfaceOrientations_iPhone = "UIInterfaceOrientationPortrait UIInterfaceOrientationLandscapeLeft UIInterfaceOrientationLandscapeRight";
				LD_RUNPATH_SEARCH_PATHS = (
					"$(inherited)",
					"@executable_path/Frameworks",
				);
				MARKETING_VERSION = 1.0;
				PRODUCT_BUNDLE_IDENTIFIER = KWK.meditation;
				PRODUCT_NAME = "$(TARGET_NAME)";
				SWIFT_EMIT_LOC_STRINGS = YES;
				SWIFT_VERSION = 5.0;
				TARGETED_DEVICE_FAMILY = "1,2";
			};
			name = Release;
		};
		76DC62512A8E69E900CC3E00 /* Debug */ = {
			isa = XCBuildConfiguration;
			buildSettings = {
				ALWAYS_EMBED_SWIFT_STANDARD_LIBRARIES = YES;
				BUNDLE_LOADER = "$(TEST_HOST)";
				CODE_SIGN_STYLE = Automatic;
				CURRENT_PROJECT_VERSION = 1;
				GENERATE_INFOPLIST_FILE = YES;
				IPHONEOS_DEPLOYMENT_TARGET = 16.4;
				MARKETING_VERSION = 1.0;
				PRODUCT_BUNDLE_IDENTIFIER = KWK.meditationTests;
				PRODUCT_NAME = "$(TARGET_NAME)";
				SWIFT_EMIT_LOC_STRINGS = NO;
				SWIFT_VERSION = 5.0;
				TARGETED_DEVICE_FAMILY = "1,2";
				TEST_HOST = "$(BUILT_PRODUCTS_DIR)/meditation.app/$(BUNDLE_EXECUTABLE_FOLDER_PATH)/meditation";
			};
			name = Debug;
		};
		76DC62522A8E69E900CC3E00 /* Release */ = {
			isa = XCBuildConfiguration;
			buildSettings = {
				ALWAYS_EMBED_SWIFT_STANDARD_LIBRARIES = YES;
				BUNDLE_LOADER = "$(TEST_HOST)";
				CODE_SIGN_STYLE = Automatic;
				CURRENT_PROJECT_VERSION = 1;
				GENERATE_INFOPLIST_FILE = YES;
				IPHONEOS_DEPLOYMENT_TARGET = 16.4;
				MARKETING_VERSION = 1.0;
				PRODUCT_BUNDLE_IDENTIFIER = KWK.meditationTests;
				PRODUCT_NAME = "$(TARGET_NAME)";
				SWIFT_EMIT_LOC_STRINGS = NO;
				SWIFT_VERSION = 5.0;
				TARGETED_DEVICE_FAMILY = "1,2";
				TEST_HOST = "$(BUILT_PRODUCTS_DIR)/meditation.app/$(BUNDLE_EXECUTABLE_FOLDER_PATH)/meditation";
			};
			name = Release;
		};
		76DC62542A8E69E900CC3E00 /* Debug */ = {
			isa = XCBuildConfiguration;
			buildSettings = {
				ALWAYS_EMBED_SWIFT_STANDARD_LIBRARIES = YES;
				CODE_SIGN_STYLE = Automatic;
				CURRENT_PROJECT_VERSION = 1;
				GENERATE_INFOPLIST_FILE = YES;
				MARKETING_VERSION = 1.0;
				PRODUCT_BUNDLE_IDENTIFIER = KWK.meditationUITests;
				PRODUCT_NAME = "$(TARGET_NAME)";
				SWIFT_EMIT_LOC_STRINGS = NO;
				SWIFT_VERSION = 5.0;
				TARGETED_DEVICE_FAMILY = "1,2";
				TEST_TARGET_NAME = meditation;
			};
			name = Debug;
		};
		76DC62552A8E69E900CC3E00 /* Release */ = {
			isa = XCBuildConfiguration;
			buildSettings = {
				ALWAYS_EMBED_SWIFT_STANDARD_LIBRARIES = YES;
				CODE_SIGN_STYLE = Automatic;
				CURRENT_PROJECT_VERSION = 1;
				GENERATE_INFOPLIST_FILE = YES;
				MARKETING_VERSION = 1.0;
				PRODUCT_BUNDLE_IDENTIFIER = KWK.meditationUITests;
				PRODUCT_NAME = "$(TARGET_NAME)";
				SWIFT_EMIT_LOC_STRINGS = NO;
				SWIFT_VERSION = 5.0;
				TARGETED_DEVICE_FAMILY = "1,2";
				TEST_TARGET_NAME = meditation;
			};
			name = Release;
		};
/* End XCBuildConfiguration section */

/* Begin XCConfigurationList section */
		76DC62242A8E69E800CC3E00 /* Build configuration list for PBXProject "meditation" */ = {
			isa = XCConfigurationList;
			buildConfigurations = (
				76DC624B2A8E69E900CC3E00 /* Debug */,
				76DC624C2A8E69E900CC3E00 /* Release */,
			);
			defaultConfigurationIsVisible = 0;
			defaultConfigurationName = Release;
		};
		76DC624D2A8E69E900CC3E00 /* Build configuration list for PBXNativeTarget "meditation" */ = {
			isa = XCConfigurationList;
			buildConfigurations = (
				76DC624E2A8E69E900CC3E00 /* Debug */,
				76DC624F2A8E69E900CC3E00 /* Release */,
			);
			defaultConfigurationIsVisible = 0;
			defaultConfigurationName = Release;
		};
		76DC62502A8E69E900CC3E00 /* Build configuration list for PBXNativeTarget "meditationTests" */ = {
			isa = XCConfigurationList;
			buildConfigurations = (
				76DC62512A8E69E900CC3E00 /* Debug */,
				76DC62522A8E69E900CC3E00 /* Release */,
			);
			defaultConfigurationIsVisible = 0;
			defaultConfigurationName = Release;
		};
		76DC62532A8E69E900CC3E00 /* Build configuration list for PBXNativeTarget "meditationUITests" */ = {
			isa = XCConfigurationList;
			buildConfigurations = (
				76DC62542A8E69E900CC3E00 /* Debug */,
				76DC62552A8E69E900CC3E00 /* Release */,
			);
			defaultConfigurationIsVisible = 0;
			defaultConfigurationName = Release;
		};
/* End XCConfigurationList section */
	};
	rootObject = 76DC62212A8E69E800CC3E00 /* Project object */;
}
